// !$*UTF8*$!
{
	archiveVersion = 1;
	classes = {
	};
	objectVersion = 50;
	objects = {

/* Begin PBXBuildFile section */
		8302BEEC247C1DC8004339E0 /* SearchBar.swift in Sources */ = {isa = PBXBuildFile; fileRef = 8302BEEB247C1DC8004339E0 /* SearchBar.swift */; };
		8355A4052476E4AE0068C33E /* TodoListViewModel.swift in Sources */ = {isa = PBXBuildFile; fileRef = 8355A4042476E4AE0068C33E /* TodoListViewModel.swift */; };
		8355A4072476E54B0068C33E /* TodoViewModel.swift in Sources */ = {isa = PBXBuildFile; fileRef = 8355A4062476E54B0068C33E /* TodoViewModel.swift */; };
		8389F2D72476595E00D618A4 /* AppDelegate.swift in Sources */ = {isa = PBXBuildFile; fileRef = 8389F2D62476595E00D618A4 /* AppDelegate.swift */; };
		8389F2D92476595E00D618A4 /* SceneDelegate.swift in Sources */ = {isa = PBXBuildFile; fileRef = 8389F2D82476595E00D618A4 /* SceneDelegate.swift */; };
		8389F2DC2476595E00D618A4 /* Todolist.xcdatamodeld in Sources */ = {isa = PBXBuildFile; fileRef = 8389F2DA2476595E00D618A4 /* Todolist.xcdatamodeld */; };
		8389F2DE2476595E00D618A4 /* ContentView.swift in Sources */ = {isa = PBXBuildFile; fileRef = 8389F2DD2476595E00D618A4 /* ContentView.swift */; };
		8389F2E02476596300D618A4 /* Assets.xcassets in Resources */ = {isa = PBXBuildFile; fileRef = 8389F2DF2476596300D618A4 /* Assets.xcassets */; };
		8389F2E32476596300D618A4 /* Preview Assets.xcassets in Resources */ = {isa = PBXBuildFile; fileRef = 8389F2E22476596300D618A4 /* Preview Assets.xcassets */; };
		8389F2E62476596300D618A4 /* LaunchScreen.storyboard in Resources */ = {isa = PBXBuildFile; fileRef = 8389F2E42476596300D618A4 /* LaunchScreen.storyboard */; };
		8389F2F12476596300D618A4 /* TodolistTests.swift in Sources */ = {isa = PBXBuildFile; fileRef = 8389F2F02476596300D618A4 /* TodolistTests.swift */; };
		8389F2FC2476596300D618A4 /* TodolistUITests.swift in Sources */ = {isa = PBXBuildFile; fileRef = 8389F2FB2476596300D618A4 /* TodolistUITests.swift */; };
		8389F30B24765B8700D618A4 /* CoreDataManager.swift in Sources */ = {isa = PBXBuildFile; fileRef = 8389F30A24765B8700D618A4 /* CoreDataManager.swift */; };
		8389F30E24765D7A00D618A4 /* NSManagedObjectContext+Extensions.swift in Sources */ = {isa = PBXBuildFile; fileRef = 8389F30D24765D7A00D618A4 /* NSManagedObjectContext+Extensions.swift */; };
		8389F31124765ED800D618A4 /* AddTodoViewModel.swift in Sources */ = {isa = PBXBuildFile; fileRef = 8389F31024765ED800D618A4 /* AddTodoViewModel.swift */; };
		8389F31424765F7500D618A4 /* AddTodoView.swift in Sources */ = {isa = PBXBuildFile; fileRef = 8389F31324765F7500D618A4 /* AddTodoView.swift */; };
/* End PBXBuildFile section */

/* Begin PBXContainerItemProxy section */
		8389F2ED2476596300D618A4 /* PBXContainerItemProxy */ = {
			isa = PBXContainerItemProxy;
			containerPortal = 8389F2CB2476595E00D618A4 /* Project object */;
			proxyType = 1;
			remoteGlobalIDString = 8389F2D22476595E00D618A4;
			remoteInfo = Todolist;
		};
		8389F2F82476596300D618A4 /* PBXContainerItemProxy */ = {
			isa = PBXContainerItemProxy;
			containerPortal = 8389F2CB2476595E00D618A4 /* Project object */;
			proxyType = 1;
			remoteGlobalIDString = 8389F2D22476595E00D618A4;
			remoteInfo = Todolist;
		};
/* End PBXContainerItemProxy section */

/* Begin PBXFileReference section */
		8302BEEB247C1DC8004339E0 /* SearchBar.swift */ = {isa = PBXFileReference; lastKnownFileType = sourcecode.swift; path = SearchBar.swift; sourceTree = "<group>"; };
		8355A4042476E4AE0068C33E /* TodoListViewModel.swift */ = {isa = PBXFileReference; lastKnownFileType = sourcecode.swift; path = TodoListViewModel.swift; sourceTree = "<group>"; };
		8355A4062476E54B0068C33E /* TodoViewModel.swift */ = {isa = PBXFileReference; lastKnownFileType = sourcecode.swift; path = TodoViewModel.swift; sourceTree = "<group>"; };
		8389F2D32476595E00D618A4 /* Todolist.app */ = {isa = PBXFileReference; explicitFileType = wrapper.application; includeInIndex = 0; path = Todolist.app; sourceTree = BUILT_PRODUCTS_DIR; };
		8389F2D62476595E00D618A4 /* AppDelegate.swift */ = {isa = PBXFileReference; lastKnownFileType = sourcecode.swift; path = AppDelegate.swift; sourceTree = "<group>"; };
		8389F2D82476595E00D618A4 /* SceneDelegate.swift */ = {isa = PBXFileReference; lastKnownFileType = sourcecode.swift; path = SceneDelegate.swift; sourceTree = "<group>"; };
		8389F2DB2476595E00D618A4 /* Todolist.xcdatamodel */ = {isa = PBXFileReference; lastKnownFileType = wrapper.xcdatamodel; path = Todolist.xcdatamodel; sourceTree = "<group>"; };
		8389F2DD2476595E00D618A4 /* ContentView.swift */ = {isa = PBXFileReference; lastKnownFileType = sourcecode.swift; path = ContentView.swift; sourceTree = "<group>"; };
		8389F2DF2476596300D618A4 /* Assets.xcassets */ = {isa = PBXFileReference; lastKnownFileType = folder.assetcatalog; path = Assets.xcassets; sourceTree = "<group>"; };
		8389F2E22476596300D618A4 /* Preview Assets.xcassets */ = {isa = PBXFileReference; lastKnownFileType = folder.assetcatalog; path = "Preview Assets.xcassets"; sourceTree = "<group>"; };
		8389F2E52476596300D618A4 /* Base */ = {isa = PBXFileReference; lastKnownFileType = file.storyboard; name = Base; path = Base.lproj/LaunchScreen.storyboard; sourceTree = "<group>"; };
		8389F2E72476596300D618A4 /* Info.plist */ = {isa = PBXFileReference; lastKnownFileType = text.plist.xml; path = Info.plist; sourceTree = "<group>"; };
		8389F2EC2476596300D618A4 /* TodolistTests.xctest */ = {isa = PBXFileReference; explicitFileType = wrapper.cfbundle; includeInIndex = 0; path = TodolistTests.xctest; sourceTree = BUILT_PRODUCTS_DIR; };
		8389F2F02476596300D618A4 /* TodolistTests.swift */ = {isa = PBXFileReference; lastKnownFileType = sourcecode.swift; path = TodolistTests.swift; sourceTree = "<group>"; };
		8389F2F22476596300D618A4 /* Info.plist */ = {isa = PBXFileReference; lastKnownFileType = text.plist.xml; path = Info.plist; sourceTree = "<group>"; };
		8389F2F72476596300D618A4 /* TodolistUITests.xctest */ = {isa = PBXFileReference; explicitFileType = wrapper.cfbundle; includeInIndex = 0; path = TodolistUITests.xctest; sourceTree = BUILT_PRODUCTS_DIR; };
		8389F2FB2476596300D618A4 /* TodolistUITests.swift */ = {isa = PBXFileReference; lastKnownFileType = sourcecode.swift; path = TodolistUITests.swift; sourceTree = "<group>"; };
		8389F2FD2476596300D618A4 /* Info.plist */ = {isa = PBXFileReference; lastKnownFileType = text.plist.xml; path = Info.plist; sourceTree = "<group>"; };
		8389F30A24765B8700D618A4 /* CoreDataManager.swift */ = {isa = PBXFileReference; lastKnownFileType = sourcecode.swift; path = CoreDataManager.swift; sourceTree = "<group>"; };
		8389F30D24765D7A00D618A4 /* NSManagedObjectContext+Extensions.swift */ = {isa = PBXFileReference; lastKnownFileType = sourcecode.swift; path = "NSManagedObjectContext+Extensions.swift"; sourceTree = "<group>"; };
		8389F31024765ED800D618A4 /* AddTodoViewModel.swift */ = {isa = PBXFileReference; lastKnownFileType = sourcecode.swift; path = AddTodoViewModel.swift; sourceTree = "<group>"; };
		8389F31324765F7500D618A4 /* AddTodoView.swift */ = {isa = PBXFileReference; lastKnownFileType = sourcecode.swift; path = AddTodoView.swift; sourceTree = "<group>"; };
/* End PBXFileReference section */

/* Begin PBXFrameworksBuildPhase section */
		8389F2D02476595E00D618A4 /* Frameworks */ = {
			isa = PBXFrameworksBuildPhase;
			buildActionMask = 2147483647;
			files = (
			);
			runOnlyForDeploymentPostprocessing = 0;
		};
		8389F2E92476596300D618A4 /* Frameworks */ = {
			isa = PBXFrameworksBuildPhase;
			buildActionMask = 2147483647;
			files = (
			);
			runOnlyForDeploymentPostprocessing = 0;
		};
		8389F2F42476596300D618A4 /* Frameworks */ = {
			isa = PBXFrameworksBuildPhase;
			buildActionMask = 2147483647;
			files = (
			);
			runOnlyForDeploymentPostprocessing = 0;
		};
/* End PBXFrameworksBuildPhase section */

/* Begin PBXGroup section */
		8302BEEA247C1DB2004339E0 /* Utils */ = {
			isa = PBXGroup;
			children = (
				8302BEEB247C1DC8004339E0 /* SearchBar.swift */,
			);
			path = Utils;
			sourceTree = "<group>";
		};
		8389F2CA2476595E00D618A4 = {
			isa = PBXGroup;
			children = (
				8389F2D52476595E00D618A4 /* Todolist */,
				8389F2EF2476596300D618A4 /* TodolistTests */,
				8389F2FA2476596300D618A4 /* TodolistUITests */,
				8389F2D42476595E00D618A4 /* Products */,
			);
			sourceTree = "<group>";
		};
		8389F2D42476595E00D618A4 /* Products */ = {
			isa = PBXGroup;
			children = (
				8389F2D32476595E00D618A4 /* Todolist.app */,
				8389F2EC2476596300D618A4 /* TodolistTests.xctest */,
				8389F2F72476596300D618A4 /* TodolistUITests.xctest */,
			);
			name = Products;
			sourceTree = "<group>";
		};
		8389F2D52476595E00D618A4 /* Todolist */ = {
			isa = PBXGroup;
			children = (
				83ECE37D247C12F100EAC01F /* Models */,
				83901664247906F600801102 /* Database */,
				8389F31524765F7F00D618A4 /* Applications */,
				8389F31224765F5700D618A4 /* Views */,
				8389F30F24765E9E00D618A4 /* ViewModels */,
				8389F30C24765D3200D618A4 /* Extensions */,
				8389F30924765B5600D618A4 /* Managers */,
				8389F2DF2476596300D618A4 /* Assets.xcassets */,
				8389F2E42476596300D618A4 /* LaunchScreen.storyboard */,
				8389F2E72476596300D618A4 /* Info.plist */,
				8389F2E12476596300D618A4 /* Preview Content */,
			);
			path = Todolist;
			sourceTree = "<group>";
		};
		8389F2E12476596300D618A4 /* Preview Content */ = {
			isa = PBXGroup;
			children = (
				8389F2E22476596300D618A4 /* Preview Assets.xcassets */,
			);
			path = "Preview Content";
			sourceTree = "<group>";
		};
		8389F2EF2476596300D618A4 /* TodolistTests */ = {
			isa = PBXGroup;
			children = (
				8389F2F02476596300D618A4 /* TodolistTests.swift */,
				8389F2F22476596300D618A4 /* Info.plist */,
			);
			path = TodolistTests;
			sourceTree = "<group>";
		};
		8389F2FA2476596300D618A4 /* TodolistUITests */ = {
			isa = PBXGroup;
			children = (
				8389F2FB2476596300D618A4 /* TodolistUITests.swift */,
				8389F2FD2476596300D618A4 /* Info.plist */,
			);
			path = TodolistUITests;
			sourceTree = "<group>";
		};
		8389F30924765B5600D618A4 /* Managers */ = {
			isa = PBXGroup;
			children = (
				8389F30A24765B8700D618A4 /* CoreDataManager.swift */,
			);
			path = Managers;
			sourceTree = "<group>";
		};
		8389F30C24765D3200D618A4 /* Extensions */ = {
			isa = PBXGroup;
			children = (
				8389F30D24765D7A00D618A4 /* NSManagedObjectContext+Extensions.swift */,
			);
			path = Extensions;
			sourceTree = "<group>";
		};
		8389F30F24765E9E00D618A4 /* ViewModels */ = {
			isa = PBXGroup;
			children = (
				8355A4062476E54B0068C33E /* TodoViewModel.swift */,
				8389F31024765ED800D618A4 /* AddTodoViewModel.swift */,
				8355A4042476E4AE0068C33E /* TodoListViewModel.swift */,
			);
			path = ViewModels;
			sourceTree = "<group>";
		};
		8389F31224765F5700D618A4 /* Views */ = {
			isa = PBXGroup;
			children = (
				8302BEEA247C1DB2004339E0 /* Utils */,
				8389F2DD2476595E00D618A4 /* ContentView.swift */,
				8389F31324765F7500D618A4 /* AddTodoView.swift */,
			);
			path = Views;
			sourceTree = "<group>";
		};
		8389F31524765F7F00D618A4 /* Applications */ = {
			isa = PBXGroup;
			children = (
				8389F2D62476595E00D618A4 /* AppDelegate.swift */,
				8389F2D82476595E00D618A4 /* SceneDelegate.swift */,
			);
			path = Applications;
			sourceTree = "<group>";
		};
		83901664247906F600801102 /* Database */ = {
			isa = PBXGroup;
			children = (
				8389F2DA2476595E00D618A4 /* Todolist.xcdatamodeld */,
			);
			path = Database;
			sourceTree = "<group>";
		};
		83ECE37D247C12F100EAC01F /* Models */ = {
			isa = PBXGroup;
			children = (
			);
			path = Models;
			sourceTree = "<group>";
		};
/* End PBXGroup section */

/* Begin PBXNativeTarget section */
		8389F2D22476595E00D618A4 /* Todolist */ = {
			isa = PBXNativeTarget;
			buildConfigurationList = 8389F3002476596300D618A4 /* Build configuration list for PBXNativeTarget "Todolist" */;
			buildPhases = (
				8389F2CF2476595E00D618A4 /* Sources */,
				8389F2D02476595E00D618A4 /* Frameworks */,
				8389F2D12476595E00D618A4 /* Resources */,
			);
			buildRules = (
			);
			dependencies = (
			);
			name = Todolist;
			productName = Todolist;
			productReference = 8389F2D32476595E00D618A4 /* Todolist.app */;
			productType = "com.apple.product-type.application";
		};
		8389F2EB2476596300D618A4 /* TodolistTests */ = {
			isa = PBXNativeTarget;
			buildConfigurationList = 8389F3032476596300D618A4 /* Build configuration list for PBXNativeTarget "TodolistTests" */;
			buildPhases = (
				8389F2E82476596300D618A4 /* Sources */,
				8389F2E92476596300D618A4 /* Frameworks */,
				8389F2EA2476596300D618A4 /* Resources */,
			);
			buildRules = (
			);
			dependencies = (
				8389F2EE2476596300D618A4 /* PBXTargetDependency */,
			);
			name = TodolistTests;
			productName = TodolistTests;
			productReference = 8389F2EC2476596300D618A4 /* TodolistTests.xctest */;
			productType = "com.apple.product-type.bundle.unit-test";
		};
		8389F2F62476596300D618A4 /* TodolistUITests */ = {
			isa = PBXNativeTarget;
			buildConfigurationList = 8389F3062476596300D618A4 /* Build configuration list for PBXNativeTarget "TodolistUITests" */;
			buildPhases = (
				8389F2F32476596300D618A4 /* Sources */,
				8389F2F42476596300D618A4 /* Frameworks */,
				8389F2F52476596300D618A4 /* Resources */,
			);
			buildRules = (
			);
			dependencies = (
				8389F2F92476596300D618A4 /* PBXTargetDependency */,
			);
			name = TodolistUITests;
			productName = TodolistUITests;
			productReference = 8389F2F72476596300D618A4 /* TodolistUITests.xctest */;
			productType = "com.apple.product-type.bundle.ui-testing";
		};
/* End PBXNativeTarget section */

/* Begin PBXProject section */
		8389F2CB2476595E00D618A4 /* Project object */ = {
			isa = PBXProject;
			attributes = {
				LastSwiftUpdateCheck = 1130;
				LastUpgradeCheck = 1130;
				ORGANIZATIONNAME = Wanhar;
				TargetAttributes = {
					8389F2D22476595E00D618A4 = {
						CreatedOnToolsVersion = 11.3.1;
					};
					8389F2EB2476596300D618A4 = {
						CreatedOnToolsVersion = 11.3.1;
						TestTargetID = 8389F2D22476595E00D618A4;
					};
					8389F2F62476596300D618A4 = {
						CreatedOnToolsVersion = 11.3.1;
						TestTargetID = 8389F2D22476595E00D618A4;
					};
				};
			};
			buildConfigurationList = 8389F2CE2476595E00D618A4 /* Build configuration list for PBXProject "Todolist" */;
			compatibilityVersion = "Xcode 9.3";
			developmentRegion = en;
			hasScannedForEncodings = 0;
			knownRegions = (
				en,
				Base,
			);
			mainGroup = 8389F2CA2476595E00D618A4;
			productRefGroup = 8389F2D42476595E00D618A4 /* Products */;
			projectDirPath = "";
			projectRoot = "";
			targets = (
				8389F2D22476595E00D618A4 /* Todolist */,
				8389F2EB2476596300D618A4 /* TodolistTests */,
				8389F2F62476596300D618A4 /* TodolistUITests */,
			);
		};
/* End PBXProject section */

/* Begin PBXResourcesBuildPhase section */
		8389F2D12476595E00D618A4 /* Resources */ = {
			isa = PBXResourcesBuildPhase;
			buildActionMask = 2147483647;
			files = (
				8389F2E62476596300D618A4 /* LaunchScreen.storyboard in Resources */,
				8389F2E32476596300D618A4 /* Preview Assets.xcassets in Resources */,
				8389F2E02476596300D618A4 /* Assets.xcassets in Resources */,
			);
			runOnlyForDeploymentPostprocessing = 0;
		};
		8389F2EA2476596300D618A4 /* Resources */ = {
			isa = PBXResourcesBuildPhase;
			buildActionMask = 2147483647;
			files = (
			);
			runOnlyForDeploymentPostprocessing = 0;
		};
		8389F2F52476596300D618A4 /* Resources */ = {
			isa = PBXResourcesBuildPhase;
			buildActionMask = 2147483647;
			files = (
			);
			runOnlyForDeploymentPostprocessing = 0;
		};
/* End PBXResourcesBuildPhase section */

/* Begin PBXSourcesBuildPhase section */
		8389F2CF2476595E00D618A4 /* Sources */ = {
			isa = PBXSourcesBuildPhase;
			buildActionMask = 2147483647;
			files = (
				8389F2DC2476595E00D618A4 /* Todolist.xcdatamodeld in Sources */,
				8389F2D72476595E00D618A4 /* AppDelegate.swift in Sources */,
				8389F2DE2476595E00D618A4 /* ContentView.swift in Sources */,
				8389F31124765ED800D618A4 /* AddTodoViewModel.swift in Sources */,
				8355A4052476E4AE0068C33E /* TodoListViewModel.swift in Sources */,
				8389F30B24765B8700D618A4 /* CoreDataManager.swift in Sources */,
				8389F2D92476595E00D618A4 /* SceneDelegate.swift in Sources */,
				8389F31424765F7500D618A4 /* AddTodoView.swift in Sources */,
				8355A4072476E54B0068C33E /* TodoViewModel.swift in Sources */,
				8302BEEC247C1DC8004339E0 /* SearchBar.swift in Sources */,
				8389F30E24765D7A00D618A4 /* NSManagedObjectContext+Extensions.swift in Sources */,
			);
			runOnlyForDeploymentPostprocessing = 0;
		};
		8389F2E82476596300D618A4 /* Sources */ = {
			isa = PBXSourcesBuildPhase;
			buildActionMask = 2147483647;
			files = (
				8389F2F12476596300D618A4 /* TodolistTests.swift in Sources */,
			);
			runOnlyForDeploymentPostprocessing = 0;
		};
		8389F2F32476596300D618A4 /* Sources */ = {
			isa = PBXSourcesBuildPhase;
			buildActionMask = 2147483647;
			files = (
				8389F2FC2476596300D618A4 /* TodolistUITests.swift in Sources */,
			);
			runOnlyForDeploymentPostprocessing = 0;
		};
/* End PBXSourcesBuildPhase section */

/* Begin PBXTargetDependency section */
		8389F2EE2476596300D618A4 /* PBXTargetDependency */ = {
			isa = PBXTargetDependency;
			target = 8389F2D22476595E00D618A4 /* Todolist */;
			targetProxy = 8389F2ED2476596300D618A4 /* PBXContainerItemProxy */;
		};
		8389F2F92476596300D618A4 /* PBXTargetDependency */ = {
			isa = PBXTargetDependency;
			target = 8389F2D22476595E00D618A4 /* Todolist */;
			targetProxy = 8389F2F82476596300D618A4 /* PBXContainerItemProxy */;
		};
/* End PBXTargetDependency section */

/* Begin PBXVariantGroup section */
		8389F2E42476596300D618A4 /* LaunchScreen.storyboard */ = {
			isa = PBXVariantGroup;
			children = (
				8389F2E52476596300D618A4 /* Base */,
			);
			name = LaunchScreen.storyboard;
			sourceTree = "<group>";
		};
/* End PBXVariantGroup section */

/* Begin XCBuildConfiguration section */
		8389F2FE2476596300D618A4 /* Debug */ = {
			isa = XCBuildConfiguration;
			buildSettings = {
				ALWAYS_SEARCH_USER_PATHS = NO;
				CLANG_ANALYZER_NONNULL = YES;
				CLANG_ANALYZER_NUMBER_OBJECT_CONVERSION = YES_AGGRESSIVE;
				CLANG_CXX_LANGUAGE_STANDARD = "gnu++14";
				CLANG_CXX_LIBRARY = "libc++";
				CLANG_ENABLE_MODULES = YES;
				CLANG_ENABLE_OBJC_ARC = YES;
				CLANG_ENABLE_OBJC_WEAK = YES;
				CLANG_WARN_BLOCK_CAPTURE_AUTORELEASING = YES;
				CLANG_WARN_BOOL_CONVERSION = YES;
				CLANG_WARN_COMMA = YES;
				CLANG_WARN_CONSTANT_CONVERSION = YES;
				CLANG_WARN_DEPRECATED_OBJC_IMPLEMENTATIONS = YES;
				CLANG_WARN_DIRECT_OBJC_ISA_USAGE = YES_ERROR;
				CLANG_WARN_DOCUMENTATION_COMMENTS = YES;
				CLANG_WARN_EMPTY_BODY = YES;
				CLANG_WARN_ENUM_CONVERSION = YES;
				CLANG_WARN_INFINITE_RECURSION = YES;
				CLANG_WARN_INT_CONVERSION = YES;
				CLANG_WARN_NON_LITERAL_NULL_CONVERSION = YES;
				CLANG_WARN_OBJC_IMPLICIT_RETAIN_SELF = YES;
				CLANG_WARN_OBJC_LITERAL_CONVERSION = YES;
				CLANG_WARN_OBJC_ROOT_CLASS = YES_ERROR;
				CLANG_WARN_RANGE_LOOP_ANALYSIS = YES;
				CLANG_WARN_STRICT_PROTOTYPES = YES;
				CLANG_WARN_SUSPICIOUS_MOVE = YES;
				CLANG_WARN_UNGUARDED_AVAILABILITY = YES_AGGRESSIVE;
				CLANG_WARN_UNREACHABLE_CODE = YES;
				CLANG_WARN__DUPLICATE_METHOD_MATCH = YES;
				COPY_PHASE_STRIP = NO;
				DEBUG_INFORMATION_FORMAT = dwarf;
				ENABLE_STRICT_OBJC_MSGSEND = YES;
				ENABLE_TESTABILITY = YES;
				GCC_C_LANGUAGE_STANDARD = gnu11;
				GCC_DYNAMIC_NO_PIC = NO;
				GCC_NO_COMMON_BLOCKS = YES;
				GCC_OPTIMIZATION_LEVEL = 0;
				GCC_PREPROCESSOR_DEFINITIONS = (
					"DEBUG=1",
					"$(inherited)",
				);
				GCC_WARN_64_TO_32_BIT_CONVERSION = YES;
				GCC_WARN_ABOUT_RETURN_TYPE = YES_ERROR;
				GCC_WARN_UNDECLARED_SELECTOR = YES;
				GCC_WARN_UNINITIALIZED_AUTOS = YES_AGGRESSIVE;
				GCC_WARN_UNUSED_FUNCTION = YES;
				GCC_WARN_UNUSED_VARIABLE = YES;
				IPHONEOS_DEPLOYMENT_TARGET = 13.2;
				MTL_ENABLE_DEBUG_INFO = INCLUDE_SOURCE;
				MTL_FAST_MATH = YES;
				ONLY_ACTIVE_ARCH = YES;
				SDKROOT = iphoneos;
				SWIFT_ACTIVE_COMPILATION_CONDITIONS = DEBUG;
				SWIFT_OPTIMIZATION_LEVEL = "-Onone";
			};
			name = Debug;
		};
		8389F2FF2476596300D618A4 /* Release */ = {
			isa = XCBuildConfiguration;
			buildSettings = {
				ALWAYS_SEARCH_USER_PATHS = NO;
				CLANG_ANALYZER_NONNULL = YES;
				CLANG_ANALYZER_NUMBER_OBJECT_CONVERSION = YES_AGGRESSIVE;
				CLANG_CXX_LANGUAGE_STANDARD = "gnu++14";
				CLANG_CXX_LIBRARY = "libc++";
				CLANG_ENABLE_MODULES = YES;
				CLANG_ENABLE_OBJC_ARC = YES;
				CLANG_ENABLE_OBJC_WEAK = YES;
				CLANG_WARN_BLOCK_CAPTURE_AUTORELEASING = YES;
				CLANG_WARN_BOOL_CONVERSION = YES;
				CLANG_WARN_COMMA = YES;
				CLANG_WARN_CONSTANT_CONVERSION = YES;
				CLANG_WARN_DEPRECATED_OBJC_IMPLEMENTATIONS = YES;
				CLANG_WARN_DIRECT_OBJC_ISA_USAGE = YES_ERROR;
				CLANG_WARN_DOCUMENTATION_COMMENTS = YES;
				CLANG_WARN_EMPTY_BODY = YES;
				CLANG_WARN_ENUM_CONVERSION = YES;
				CLANG_WARN_INFINITE_RECURSION = YES;
				CLANG_WARN_INT_CONVERSION = YES;
				CLANG_WARN_NON_LITERAL_NULL_CONVERSION = YES;
				CLANG_WARN_OBJC_IMPLICIT_RETAIN_SELF = YES;
				CLANG_WARN_OBJC_LITERAL_CONVERSION = YES;
				CLANG_WARN_OBJC_ROOT_CLASS = YES_ERROR;
				CLANG_WARN_RANGE_LOOP_ANALYSIS = YES;
				CLANG_WARN_STRICT_PROTOTYPES = YES;
				CLANG_WARN_SUSPICIOUS_MOVE = YES;
				CLANG_WARN_UNGUARDED_AVAILABILITY = YES_AGGRESSIVE;
				CLANG_WARN_UNREACHABLE_CODE = YES;
				CLANG_WARN__DUPLICATE_METHOD_MATCH = YES;
				COPY_PHASE_STRIP = NO;
				DEBUG_INFORMATION_FORMAT = "dwarf-with-dsym";
				ENABLE_NS_ASSERTIONS = NO;
				ENABLE_STRICT_OBJC_MSGSEND = YES;
				GCC_C_LANGUAGE_STANDARD = gnu11;
				GCC_NO_COMMON_BLOCKS = YES;
				GCC_WARN_64_TO_32_BIT_CONVERSION = YES;
				GCC_WARN_ABOUT_RETURN_TYPE = YES_ERROR;
				GCC_WARN_UNDECLARED_SELECTOR = YES;
				GCC_WARN_UNINITIALIZED_AUTOS = YES_AGGRESSIVE;
				GCC_WARN_UNUSED_FUNCTION = YES;
				GCC_WARN_UNUSED_VARIABLE = YES;
				IPHONEOS_DEPLOYMENT_TARGET = 13.2;
				MTL_ENABLE_DEBUG_INFO = NO;
				MTL_FAST_MATH = YES;
				SDKROOT = iphoneos;
				SWIFT_COMPILATION_MODE = wholemodule;
				SWIFT_OPTIMIZATION_LEVEL = "-O";
				VALIDATE_PRODUCT = YES;
			};
			name = Release;
		};
		8389F3012476596300D618A4 /* Debug */ = {
			isa = XCBuildConfiguration;
			buildSettings = {
				ASSETCATALOG_COMPILER_APPICON_NAME = AppIcon;
				CODE_SIGN_STYLE = Automatic;
				DEVELOPMENT_ASSET_PATHS = "\"Todolist/Preview Content\"";
				DEVELOPMENT_TEAM = D9X49T6R38;
				ENABLE_PREVIEWS = YES;
				INFOPLIST_FILE = Todolist/Info.plist;
				LD_RUNPATH_SEARCH_PATHS = (
					"$(inherited)",
					"@executable_path/Frameworks",
				);
				PRODUCT_BUNDLE_IDENTIFIER = com.takalar.Todolist;
				PRODUCT_NAME = "$(TARGET_NAME)";
				SWIFT_VERSION = 5.0;
				TARGETED_DEVICE_FAMILY = "1,2";
			};
			name = Debug;
		};
		8389F3022476596300D618A4 /* Release */ = {
			isa = XCBuildConfiguration;
			buildSettings = {
				ASSETCATALOG_COMPILER_APPICON_NAME = AppIcon;
				CODE_SIGN_STYLE = Automatic;
				DEVELOPMENT_ASSET_PATHS = "\"Todolist/Preview Content\"";
				DEVELOPMENT_TEAM = D9X49T6R38;
				ENABLE_PREVIEWS = YES;
				INFOPLIST_FILE = Todolist/Info.plist;
				LD_RUNPATH_SEARCH_PATHS = (
					"$(inherited)",
					"@executable_path/Frameworks",
				);
				PRODUCT_BUNDLE_IDENTIFIER = com.takalar.Todolist;
				PRODUCT_NAME = "$(TARGET_NAME)";
				SWIFT_VERSION = 5.0;
				TARGETED_DEVICE_FAMILY = "1,2";
			};
			name = Release;
		};
		8389F3042476596300D618A4 /* Debug */ = {
			isa = XCBuildConfiguration;
			buildSettings = {
				ALWAYS_EMBED_SWIFT_STANDARD_LIBRARIES = YES;
				BUNDLE_LOADER = "$(TEST_HOST)";
				CODE_SIGN_STYLE = Automatic;
				DEVELOPMENT_TEAM = D9X49T6R38;
				INFOPLIST_FILE = TodolistTests/Info.plist;
				IPHONEOS_DEPLOYMENT_TARGET = 13.2;
				LD_RUNPATH_SEARCH_PATHS = (
					"$(inherited)",
					"@executable_path/Frameworks",
					"@loader_path/Frameworks",
				);
				PRODUCT_BUNDLE_IDENTIFIER = com.takalar.TodolistTests;
				PRODUCT_NAME = "$(TARGET_NAME)";
				SWIFT_VERSION = 5.0;
				TARGETED_DEVICE_FAMILY = "1,2";
				TEST_HOST = "$(BUILT_PRODUCTS_DIR)/Todolist.app/Todolist";
			};
			name = Debug;
		};
		8389F3052476596300D618A4 /* Release */ = {
			isa = XCBuildConfiguration;
			buildSettings = {
				ALWAYS_EMBED_SWIFT_STANDARD_LIBRARIES = YES;
				BUNDLE_LOADER = "$(TEST_HOST)";
				CODE_SIGN_STYLE = Automatic;
				DEVELOPMENT_TEAM = D9X49T6R38;
				INFOPLIST_FILE = TodolistTests/Info.plist;
				IPHONEOS_DEPLOYMENT_TARGET = 13.2;
				LD_RUNPATH_SEARCH_PATHS = (
					"$(inherited)",
					"@executable_path/Frameworks",
					"@loader_path/Frameworks",
				);
				PRODUCT_BUNDLE_IDENTIFIER = com.takalar.TodolistTests;
				PRODUCT_NAME = "$(TARGET_NAME)";
				SWIFT_VERSION = 5.0;
				TARGETED_DEVICE_FAMILY = "1,2";
				TEST_HOST = "$(BUILT_PRODUCTS_DIR)/Todolist.app/Todolist";
			};
			name = Release;
		};
		8389F3072476596300D618A4 /* Debug */ = {
			isa = XCBuildConfiguration;
			buildSettings = {
				ALWAYS_EMBED_SWIFT_STANDARD_LIBRARIES = YES;
				CODE_SIGN_STYLE = Automatic;
				DEVELOPMENT_TEAM = D9X49T6R38;
				INFOPLIST_FILE = TodolistUITests/Info.plist;
				LD_RUNPATH_SEARCH_PATHS = (
					"$(inherited)",
					"@executable_path/Frameworks",
					"@loader_path/Frameworks",
				);
				PRODUCT_BUNDLE_IDENTIFIER = com.takalar.TodolistUITests;
				PRODUCT_NAME = "$(TARGET_NAME)";
				SWIFT_VERSION = 5.0;
				TARGETED_DEVICE_FAMILY = "1,2";
				TEST_TARGET_NAME = Todolist;
			};
			name = Debug;
		};
		8389F3082476596300D618A4 /* Release */ = {
			isa = XCBuildConfiguration;
			buildSettings = {
				ALWAYS_EMBED_SWIFT_STANDARD_LIBRARIES = YES;
				CODE_SIGN_STYLE = Automatic;
				DEVELOPMENT_TEAM = D9X49T6R38;
				INFOPLIST_FILE = TodolistUITests/Info.plist;
				LD_RUNPATH_SEARCH_PATHS = (
					"$(inherited)",
					"@executable_path/Frameworks",
					"@loader_path/Frameworks",
				);
				PRODUCT_BUNDLE_IDENTIFIER = com.takalar.TodolistUITests;
				PRODUCT_NAME = "$(TARGET_NAME)";
				SWIFT_VERSION = 5.0;
				TARGETED_DEVICE_FAMILY = "1,2";
				TEST_TARGET_NAME = Todolist;
			};
			name = Release;
		};
/* End XCBuildConfiguration section */

/* Begin XCConfigurationList section */
		8389F2CE2476595E00D618A4 /* Build configuration list for PBXProject "Todolist" */ = {
			isa = XCConfigurationList;
			buildConfigurations = (
				8389F2FE2476596300D618A4 /* Debug */,
				8389F2FF2476596300D618A4 /* Release */,
			);
			defaultConfigurationIsVisible = 0;
			defaultConfigurationName = Release;
		};
		8389F3002476596300D618A4 /* Build configuration list for PBXNativeTarget "Todolist" */ = {
			isa = XCConfigurationList;
			buildConfigurations = (
				8389F3012476596300D618A4 /* Debug */,
				8389F3022476596300D618A4 /* Release */,
			);
			defaultConfigurationIsVisible = 0;
			defaultConfigurationName = Release;
		};
		8389F3032476596300D618A4 /* Build configuration list for PBXNativeTarget "TodolistTests" */ = {
			isa = XCConfigurationList;
			buildConfigurations = (
				8389F3042476596300D618A4 /* Debug */,
				8389F3052476596300D618A4 /* Release */,
			);
			defaultConfigurationIsVisible = 0;
			defaultConfigurationName = Release;
		};
		8389F3062476596300D618A4 /* Build configuration list for PBXNativeTarget "TodolistUITests" */ = {
			isa = XCConfigurationList;
			buildConfigurations = (
				8389F3072476596300D618A4 /* Debug */,
				8389F3082476596300D618A4 /* Release */,
			);
			defaultConfigurationIsVisible = 0;
			defaultConfigurationName = Release;
		};
/* End XCConfigurationList section */

/* Begin XCVersionGroup section */
		8389F2DA2476595E00D618A4 /* Todolist.xcdatamodeld */ = {
			isa = XCVersionGroup;
			children = (
				8389F2DB2476595E00D618A4 /* Todolist.xcdatamodel */,
			);
			currentVersion = 8389F2DB2476595E00D618A4 /* Todolist.xcdatamodel */;
			path = Todolist.xcdatamodeld;
			sourceTree = "<group>";
			versionGroupType = wrapper.xcdatamodel;
		};
/* End XCVersionGroup section */
	};
	rootObject = 8389F2CB2476595E00D618A4 /* Project object */;
}
